
Microsoft Visual Studio Solution File, Format Version 12.00
# Visual Studio Version 17
VisualStudioVersion = 17.3.32929.385
MinimumVisualStudioVersion = 10.0.40219.1
Project("{888888A0-9F3D-457C-B088-3A5042F75D52}") = "ex3", "ex3.pyproj", "{D30CA579-25A7-4E6C-BB4A-9B345AFC8F0A}"
EndProject
Global
	GlobalSection(SolutionConfigurationPlatforms) = preSolution
		Debug|Any CPU = Debug|Any CPU
		Release|Any CPU = Release|Any CPU
	EndGlobalSection
	GlobalSection(ProjectConfigurationPlatforms) = postSolution
		{D30CA579-25A7-4E6C-BB4A-9B345AFC8F0A}.Debug|Any CPU.ActiveCfg = Debug|Any CPU
		{D30CA579-25A7-4E6C-BB4A-9B345AFC8F0A}.Release|Any CPU.ActiveCfg = Release|Any CPU
	EndGlobalSection
	GlobalSection(SolutionProperties) = preSolution
		HideSolutionNode = FALSE
	EndGlobalSection
	GlobalSection(ExtensibilityGlobals) = postSolution
		SolutionGuid = {2BE5B695-4F40-4475-9CBB-3EDDBF478561}
	EndGlobalSection
EndGlobal
